
Microsoft Visual Studio Solution File, Format Version 12.00
# Visual Studio 15
VisualStudioVersion = 15.0.27428.2015
MinimumVisualStudioVersion = 10.0.40219.1
Project("{FAE04EC0-301F-11D3-BF4B-00C04F79EFBC}") = "quest_firstA", "quest_firstA\quest_firstA.csproj", "{EEE409A0-D0AC-47B7-9BC2-4E81E457755D}"
EndProject
Global
	GlobalSection(SolutionConfigurationPlatforms) = preSolution
		Debug|Any CPU = Debug|Any CPU
		Release|Any CPU = Release|Any CPU
	EndGlobalSection
	GlobalSection(ProjectConfigurationPlatforms) = postSolution
		{EEE409A0-D0AC-47B7-9BC2-4E81E457755D}.Debug|Any CPU.ActiveCfg = Debug|Any CPU
		{EEE409A0-D0AC-47B7-9BC2-4E81E457755D}.Debug|Any CPU.Build.0 = Debug|Any CPU
		{EEE409A0-D0AC-47B7-9BC2-4E81E457755D}.Release|Any CPU.ActiveCfg = Release|Any CPU
		{EEE409A0-D0AC-47B7-9BC2-4E81E457755D}.Release|Any CPU.Build.0 = Release|Any CPU
	EndGlobalSection
	GlobalSection(SolutionProperties) = preSolution
		HideSolutionNode = FALSE
	EndGlobalSection
	GlobalSection(ExtensibilityGlobals) = postSolution
		SolutionGuid = {A53BE523-F746-4775-B341-B315666B00DC}
	EndGlobalSection
EndGlobal
